
Microsoft Visual Studio Solution File, Format Version 12.00
# Visual Studio Version 16
VisualStudioVersion = 16.0.32428.217
MinimumVisualStudioVersion = 10.0.40219.1
Project("{8BC9CEB8-8B4A-11D0-8D11-00A0C91BC942}") = "CPSUI", "CPSUI\CPSUI.vcxproj", "{84CE4D20-B32E-4112-8B03-5DDE86D4B873}"
EndProject
Project("{888888A0-9F3D-457C-B088-3A5042F75D52}") = "CameraServer", "CameraServer\CameraServer.pyproj", "{C411C36A-7BD9-442E-A8E5-1D491807AC6F}"
EndProject
Project("{888888A0-9F3D-457C-B088-3A5042F75D52}") = "VisionServer", "VisionServer\VisionServer.pyproj", "{BC03B313-60DD-4A2F-8694-DABAA6C299A0}"
EndProject
Global
	GlobalSection(SolutionConfigurationPlatforms) = preSolution
		Debug|Any CPU = Debug|Any CPU
		Debug|Win32 = Debug|Win32
		Debug|x64 = Debug|x64
		Release|Any CPU = Release|Any CPU
		Release|Win32 = Release|Win32
		Release|x64 = Release|x64
	EndGlobalSection
	GlobalSection(ProjectConfigurationPlatforms) = postSolution
		{84CE4D20-B32E-4112-8B03-5DDE86D4B873}.Debug|Any CPU.ActiveCfg = Debug|Win32
		{84CE4D20-B32E-4112-8B03-5DDE86D4B873}.Debug|Win32.ActiveCfg = Debug|Win32
		{84CE4D20-B32E-4112-8B03-5DDE86D4B873}.Debug|Win32.Build.0 = Debug|Win32
		{84CE4D20-B32E-4112-8B03-5DDE86D4B873}.Debug|x64.ActiveCfg = Debug|x64
		{84CE4D20-B32E-4112-8B03-5DDE86D4B873}.Debug|x64.Build.0 = Debug|x64
		{84CE4D20-B32E-4112-8B03-5DDE86D4B873}.Release|Any CPU.ActiveCfg = Release|Win32
		{84CE4D20-B32E-4112-8B03-5DDE86D4B873}.Release|Win32.ActiveCfg = Release|Win32
		{84CE4D20-B32E-4112-8B03-5DDE86D4B873}.Release|Win32.Build.0 = Release|Win32
		{84CE4D20-B32E-4112-8B03-5DDE86D4B873}.Release|x64.ActiveCfg = Release|x64
		{84CE4D20-B32E-4112-8B03-5DDE86D4B873}.Release|x64.Build.0 = Release|x64
		{C411C36A-7BD9-442E-A8E5-1D491807AC6F}.Debug|Any CPU.ActiveCfg = Debug|Any CPU
		{C411C36A-7BD9-442E-A8E5-1D491807AC6F}.Debug|Win32.ActiveCfg = Debug|Any CPU
		{C411C36A-7BD9-442E-A8E5-1D491807AC6F}.Debug|x64.ActiveCfg = Debug|Any CPU
		{C411C36A-7BD9-442E-A8E5-1D491807AC6F}.Release|Any CPU.ActiveCfg = Release|Any CPU
		{C411C36A-7BD9-442E-A8E5-1D491807AC6F}.Release|Win32.ActiveCfg = Release|Any CPU
		{C411C36A-7BD9-442E-A8E5-1D491807AC6F}.Release|x64.ActiveCfg = Release|Any CPU
		{BC03B313-60DD-4A2F-8694-DABAA6C299A0}.Debug|Any CPU.ActiveCfg = Debug|Any CPU
		{BC03B313-60DD-4A2F-8694-DABAA6C299A0}.Debug|Win32.ActiveCfg = Debug|Any CPU
		{BC03B313-60DD-4A2F-8694-DABAA6C299A0}.Debug|x64.ActiveCfg = Debug|Any CPU
		{BC03B313-60DD-4A2F-8694-DABAA6C299A0}.Release|Any CPU.ActiveCfg = Release|Any CPU
		{BC03B313-60DD-4A2F-8694-DABAA6C299A0}.Release|Win32.ActiveCfg = Release|Any CPU
		{BC03B313-60DD-4A2F-8694-DABAA6C299A0}.Release|x64.ActiveCfg = Release|Any CPU
	EndGlobalSection
	GlobalSection(SolutionProperties) = preSolution
		HideSolutionNode = FALSE
	EndGlobalSection
	GlobalSection(ExtensibilityGlobals) = postSolution
		SolutionGuid = {DACEDB8E-E886-4665-8481-37439BDC3E6B}
	EndGlobalSection
EndGlobal
